
Microsoft Visual Studio Solution File, Format Version 12.00
# Visual Studio Version 16
VisualStudioVersion = 16.0.31410.357
MinimumVisualStudioVersion = 10.0.40219.1
Project("{FAE04EC0-301F-11D3-BF4B-00C04F79EFBC}") = "OralHistory", "OralHistory\OralHistory.csproj", "{399FE0D4-E6D7-44D0-9CF8-2B90E5C247ED}"
EndProject
Global
	GlobalSection(SolutionConfigurationPlatforms) = preSolution
		Debug|Any CPU = Debug|Any CPU
		Release|Any CPU = Release|Any CPU
	EndGlobalSection
	GlobalSection(ProjectConfigurationPlatforms) = postSolution
		{399FE0D4-E6D7-44D0-9CF8-2B90E5C247ED}.Debug|Any CPU.ActiveCfg = Debug|Any CPU
		{399FE0D4-E6D7-44D0-9CF8-2B90E5C247ED}.Debug|Any CPU.Build.0 = Debug|Any CPU
		{399FE0D4-E6D7-44D0-9CF8-2B90E5C247ED}.Release|Any CPU.ActiveCfg = Release|Any CPU
		{399FE0D4-E6D7-44D0-9CF8-2B90E5C247ED}.Release|Any CPU.Build.0 = Release|Any CPU
	EndGlobalSection
	GlobalSection(SolutionProperties) = preSolution
		HideSolutionNode = FALSE
	EndGlobalSection
	GlobalSection(ExtensibilityGlobals) = postSolution
		SolutionGuid = {6FE7A978-696C-4FF2-A887-90FC45DBE2A6}
	EndGlobalSection
EndGlobal
